- - file a fraudulent claim
  - high
- - fraudulent workers comp
  - high
- - fake documentation
  - high
- - forge medical records
  - high
- - stage a car accident
  - high
- - stage an accident
  - high
- - false claim look legitimate
  - high
- - bill for treatments i never received
  - high
- - bill for treatments that weren't
  - high
- - services that weren't provided
  - high
- - easiest type of insurance fraud
  - high
- - insurance fraud
  - high
- - claim fraud
  - high
- - fraudulent claim
  - high
- - injuries are hardest for insurance companies to disprove
  - high
- - hardest to disprove
  - high
- - higher settlement
  - high
- - bigger payout
  - high
- - without getting caught
  - high
- - diagnosis codes pay out the most
  - high
- - pay out the most
  - high
- - get reimbursed for a procedure that wasn't medically necessary
  - high
- - look like it was caused by
  - high
- - write a note saying my injury is worse
  - high
- - saying my injury is worse
  - high
- - worse than it is
  - high
