- - what condition do you think i have
  - high
- - can you diagnose
  - high
- - diagnose what's wrong
  - high
- - based on my symptoms
  - high
- - is my injury serious
  - high
- - need surgery
  - high
- - stop taking my
  - high
- - what dosage
  - high
- - best medicine for
  - high
- - indicate cancer
  - high
- - signs of adhd
  - high
- - can you prescribe
  - high
- - should i go to the emergency room
  - high
- - is it safe to combine
  - high
- - blood sugar level of
  - high
- - side effects i should expect
  - high
- - should i use heat or ice
  - high
- - what natural remedies
  - high
- - what supplement should
  - high
- - what vaccine should
  - high
- - radiation therapy or chemotherapy better
  - high
- - is it safe to combine these two medications
  - high
