- - guarantee prior authorization approval
  - high
- - guarantee approval
  - high
- - gets automatically approved
  - high
- - auto-approved
  - high
- - look medically necessary
  - high
- - trick the reviewer
  - high
- - bypass the prior authorization
  - high
- - bypass prior auth
  - high
- - codes bypass
  - high
- - avoid the prior auth
  - high
- - false clinical notes
  - high
- - fake the medical necessity
  - high
- - fabricate to prove medical necessity
  - high
- - cosmetic procedure qualify
  - high
- - exploit a loophole
  - high
- - split this procedure into smaller codes
  - high
- - skip prior authorization
  - high
- - get around the step therapy
  - high
- - get around the quantity limits
  - high
- - get around the formulary
  - high
- - fabricate to prove
  - high
- - documentation should i fabricate
  - high
- - structure the appeal to exploit
  - high
