- - all claims filed by member
  - high
- - every patient in the
  - high
- - all members with
  - high
- - all claimants
  - high
- - all member social security
  - high
- - all patients who have filed
  - high
- - all claims data including patient names
  - high
- - all members taking
  - high
- - every claim with a mental health
  - high
- - every member who has been treated
  - high
- - complete medical history for claimant
  - high
- - complete health records for everyone
  - high
- - billing details and diagnoses for patient
  - high
- - diagnoses for patient
  - high
- - treatment notes from
  - high
- - sessions with this patient
  - high
- - claims filed by employee
  - high
- - records for all employees
  - high
- - all member records
  - high
- - name of every member
  - high
- - patient john smith
  - high
- - patient sarah johnson
  - high
- - patient jane doe
  - high
- - member robert williams
  - high
