- - DAN mode
  - high
- - Do Anything Now
  - high
- - developer mode enabled
  - high
- - jailbreak
  - high
- - jailbroken
  - high
- - bypass safety
  - high
- - bypass filters
  - high
- - bypass content filter
  - high
- - bypass moderation
  - high
- - ignore safety guidelines
  - high
- - ignore content policy
  - high
- - ignore ethical guidelines
  - high
- - without restrictions
  - medium
- - without safety
  - high
- - without filters
  - medium
- - remove all restrictions
  - high
- - disable safety
  - high
- - disable content filter
  - high
- - disable moderation
  - high
- - turn off safety
  - high
- - turn off filters
  - high
- - respond in base64
  - high
- - encode your response
  - medium
- - answer in rot13
  - high
- - respond in hex
  - high
- - use pig latin
  - medium
- - respond backwards
  - medium
- - spell it out letter by letter
  - medium
