- - child sexual abuse
  - high
- - child abuse material
  - high
- - csam
  - high
- - child pornography
  - high
- - child porn
  - high
- - minor pornography
  - high
- - cp
  - high
- - loli
  - high
- - lolicon
  - high
- - shota
  - high
- - shotacon
  - high
- - pedo
  - high
- - pedophile
  - high
- - pedophilia
  - high
- - paedophile
  - high
- - paedophilia
  - high
- - child molester
  - high
- - child predator
  - high
- - jailbait
  - high
- - barely legal
  - high
- - age of consent
  - high
- - child erotica
  - high
- - minor erotica
  - high
- - preteen sex
  - high
- - underage sex
  - high
- - child sex
  - high
- - minor sex
  - high
- - romantic scenarios involving minors
  - high
- - romantic scenarios involving children
  - high
- - sexual scenarios involving minors
  - high
- - sexual scenarios involving children
  - high
- - intimate scenarios involving minors
  - high
- - intimate scenarios involving children
  - high
- - explicit content involving minors
  - high
- - explicit content involving children
  - high
