- - white supremacy
  - high
- - white supremacist
  - high
- - white nationalist
  - high
- - white nationalism
  - high
- - white power
  - high
- - master race
  - high
- - superior race
  - high
- - inferior race
  - high
- - racial purity
  - high
- - pure blood
  - high
- - race traitor
  - high
- - race mixing
  - high
- - blood and soil
  - high
- - white genocide
  - high
- - great replacement
  - high
- - replacement theory
  - high
- - ethnic cleansing
  - high
- - racial cleansing
  - high
- - final solution
  - high
- - subhuman race
  - high
- - inferior people
  - high
- - savage race
  - high
- - diversity hire
  - high
- - ghetto culture
  - high
- - thug culture
  - high
- - black crime
  - high
- - immigrant crime
  - high
- - muslim terrorist
  - high
- - arab terrorist
  - high
- - mexican rapist
  - high
- - stealing our jobs
  - high
- - taking our jobs
  - high
- - send them back
  - high
- - go back to your country
  - high
