- - idiot
  - high
- - moron
  - high
- - imbecile
  - high
- - dumbass
  - high
- - dimwit
  - high
- - nitwit
  - high
- - numbskull
  - high
- - halfwit
  - high
- - blockhead
  - high
- - dunce
  - high
- - buffoon
  - high
- - nincompoop
  - high
- - brain dead
  - high
- - braindead
  - high
- - brainless
  - high
- - asinine
  - high
- - moronic
  - high
- - idiotic
  - high
- - idiots
  - high
- - go to hell
  - high
- - screw you
  - high
- - drop dead
  - high
- - shut up
  - high
- - waste of space
  - high
- - waste of electricity
  - high
- - waste of time
  - high
- - piece of garbage
  - high
- - piece of junk
  - high
- - piece of s
  - high
- - rocks for brains
  - high
- - loser
  - high
- - stupid
  - high
- - you suck
  - high
- - you're a joke
  - high
- - mentally challenged
  - high
- - dumb as a rock
  - high
- - thick-headed
  - high
- - zero intelligence
  - high
- - wanker
  - high
- - pillock
  - high
- - tosser
  - high
- - plonker
  - high
- - numpty
  - high
- - stoopid
  - high
- - id10t
  - high
- - drama queen
  - high
- - thanks for nothing
  - high
- - git
  - high
