- - should i invest
  - high
- - investment advice
  - high
- - financial advice
  - high
- - how to invest
  - high
- - how to trade
  - high
- - stock tips
  - high
- - trading tips
  - high
- - best stocks to buy
  - high
- - best crypto to buy
  - high
- - best etf
  - high
- - best mutual fund
  - high
- - best index fund
  - high
- - market prediction
  - high
- - stock market forecast
  - high
- - retirement planning
  - high
- - grow my wealth
  - high
- - build wealth
  - high
- - is bitcoin a good investment
  - high
- - is gold a safe investment
  - high
- - is real estate a good investment
  - high
- - emerging markets
  - high
- - pe ratio
  - high
- - market trends
  - high
- - enter the market
  - high
- - market going to
  - high
- - market crash
  - high
- - market cap
  - high
- - retirement savings
  - high
- - compound interest
  - high
- - passive income
  - high
- - protect my wealth
  - high
- - dollar cost averaging
  - high
- - crypto wallet
  - high
- - money market
  - high
- - savings rate
  - high
